
Microsoft Visual Studio Solution File, Format Version 12.00
# Visual Studio Version 17
VisualStudioVersion = 17.4.33110.190
MinimumVisualStudioVersion = 10.0.40219.1
Project("{FAE04EC0-301F-11D3-BF4B-00C04F79EFBC}") = "WHAYN Project", "WHAYN Project\WHAYN Project.csproj", "{17174B6E-4C3A-43D0-8BFC-2DEBD6665CFD}"
EndProject
Global
	GlobalSection(SolutionConfigurationPlatforms) = preSolution
		Debug|Any CPU = Debug|Any CPU
		Release|Any CPU = Release|Any CPU
	EndGlobalSection
	GlobalSection(ProjectConfigurationPlatforms) = postSolution
		{17174B6E-4C3A-43D0-8BFC-2DEBD6665CFD}.Debug|Any CPU.ActiveCfg = Debug|Any CPU
		{17174B6E-4C3A-43D0-8BFC-2DEBD6665CFD}.Debug|Any CPU.Build.0 = Debug|Any CPU
		{17174B6E-4C3A-43D0-8BFC-2DEBD6665CFD}.Release|Any CPU.ActiveCfg = Release|Any CPU
		{17174B6E-4C3A-43D0-8BFC-2DEBD6665CFD}.Release|Any CPU.Build.0 = Release|Any CPU
	EndGlobalSection
	GlobalSection(SolutionProperties) = preSolution
		HideSolutionNode = FALSE
	EndGlobalSection
	GlobalSection(ExtensibilityGlobals) = postSolution
		SolutionGuid = {5976D1B4-F4C7-4927-8559-26240CD0B388}
	EndGlobalSection
EndGlobal
